// !$*UTF8*$!
{
	archiveVersion = 1;
	classes = {
	};
	objectVersion = 46;
	objects = {

/* Begin PBXBuildFile section */
		C9AA16191D0E303B004A04C2 /* AppDelegate.swift in Sources */ = {isa = PBXBuildFile; fileRef = C9AA16181D0E303B004A04C2 /* AppDelegate.swift */; };
		C9AA161B1D0E303B004A04C2 /* ViewController.swift in Sources */ = {isa = PBXBuildFile; fileRef = C9AA161A1D0E303B004A04C2 /* ViewController.swift */; };
		C9AA161E1D0E303B004A04C2 /* Main.storyboard in Resources */ = {isa = PBXBuildFile; fileRef = C9AA161C1D0E303B004A04C2 /* Main.storyboard */; };
		C9AA16201D0E303B004A04C2 /* Assets.xcassets in Resources */ = {isa = PBXBuildFile; fileRef = C9AA161F1D0E303B004A04C2 /* Assets.xcassets */; };
		C9AA16231D0E303B004A04C2 /* LaunchScreen.storyboard in Resources */ = {isa = PBXBuildFile; fileRef = C9AA16211D0E303B004A04C2 /* LaunchScreen.storyboard */; };
		C9AA162E1D0E303B004A04C2 /* TumblrTests.swift in Sources */ = {isa = PBXBuildFile; fileRef = C9AA162D1D0E303B004A04C2 /* TumblrTests.swift */; };
		C9AA16391D0E303B004A04C2 /* TumblrUITests.swift in Sources */ = {isa = PBXBuildFile; fileRef = C9AA16381D0E303B004A04C2 /* TumblrUITests.swift */; };
/* End PBXBuildFile section */

/* Begin PBXContainerItemProxy section */
		C9AA162A1D0E303B004A04C2 /* PBXContainerItemProxy */ = {
			isa = PBXContainerItemProxy;
			containerPortal = C9AA160D1D0E303B004A04C2 /* Project object */;
			proxyType = 1;
			remoteGlobalIDString = C9AA16141D0E303B004A04C2;
			remoteInfo = Tumblr;
		};
		C9AA16351D0E303B004A04C2 /* PBXContainerItemProxy */ = {
			isa = PBXContainerItemProxy;
			containerPortal = C9AA160D1D0E303B004A04C2 /* Project object */;
			proxyType = 1;
			remoteGlobalIDString = C9AA16141D0E303B004A04C2;
			remoteInfo = Tumblr;
		};
/* End PBXContainerItemProxy section */

/* Begin PBXFileReference section */
		C9AA16151D0E303B004A04C2 /* Tumblr.app */ = {isa = PBXFileReference; explicitFileType = wrapper.application; includeInIndex = 0; path = Tumblr.app; sourceTree = BUILT_PRODUCTS_DIR; };
		C9AA16181D0E303B004A04C2 /* AppDelegate.swift */ = {isa = PBXFileReference; lastKnownFileType = sourcecode.swift; path = AppDelegate.swift; sourceTree = "<group>"; };
		C9AA161A1D0E303B004A04C2 /* ViewController.swift */ = {isa = PBXFileReference; lastKnownFileType = sourcecode.swift; path = ViewController.swift; sourceTree = "<group>"; };
		C9AA161D1D0E303B004A04C2 /* Base */ = {isa = PBXFileReference; lastKnownFileType = file.storyboard; name = Base; path = Base.lproj/Main.storyboard; sourceTree = "<group>"; };
		C9AA161F1D0E303B004A04C2 /* Assets.xcassets */ = {isa = PBXFileReference; lastKnownFileType = folder.assetcatalog; path = Assets.xcassets; sourceTree = "<group>"; };
		C9AA16221D0E303B004A04C2 /* Base */ = {isa = PBXFileReference; lastKnownFileType = file.storyboard; name = Base; path = Base.lproj/LaunchScreen.storyboard; sourceTree = "<group>"; };
		C9AA16241D0E303B004A04C2 /* Info.plist */ = {isa = PBXFileReference; lastKnownFileType = text.plist.xml; path = Info.plist; sourceTree = "<group>"; };
		C9AA16291D0E303B004A04C2 /* TumblrTests.xctest */ = {isa = PBXFileReference; explicitFileType = wrapper.cfbundle; includeInIndex = 0; path = TumblrTests.xctest; sourceTree = BUILT_PRODUCTS_DIR; };
		C9AA162D1D0E303B004A04C2 /* TumblrTests.swift */ = {isa = PBXFileReference; lastKnownFileType = sourcecode.swift; path = TumblrTests.swift; sourceTree = "<group>"; };
		C9AA162F1D0E303B004A04C2 /* Info.plist */ = {isa = PBXFileReference; lastKnownFileType = text.plist.xml; path = Info.plist; sourceTree = "<group>"; };
		C9AA16341D0E303B004A04C2 /* TumblrUITests.xctest */ = {isa = PBXFileReference; explicitFileType = wrapper.cfbundle; includeInIndex = 0; path = TumblrUITests.xctest; sourceTree = BUILT_PRODUCTS_DIR; };
		C9AA16381D0E303B004A04C2 /* TumblrUITests.swift */ = {isa = PBXFileReference; lastKnownFileType = sourcecode.swift; path = TumblrUITests.swift; sourceTree = "<group>"; };
		C9AA163A1D0E303B004A04C2 /* Info.plist */ = {isa = PBXFileReference; lastKnownFileType = text.plist.xml; path = Info.plist; sourceTree = "<group>"; };
/* End PBXFileReference section */

/* Begin PBXFrameworksBuildPhase section */
		C9AA16121D0E303B004A04C2 /* Frameworks */ = {
			isa = PBXFrameworksBuildPhase;
			buildActionMask = 2147483647;
			files = (
			);
			runOnlyForDeploymentPostprocessing = 0;
		};
		C9AA16261D0E303B004A04C2 /* Frameworks */ = {
			isa = PBXFrameworksBuildPhase;
			buildActionMask = 2147483647;
			files = (
			);
			runOnlyForDeploymentPostprocessing = 0;
		};
		C9AA16311D0E303B004A04C2 /* Frameworks */ = {
			isa = PBXFrameworksBuildPhase;
			buildActionMask = 2147483647;
			files = (
			);
			runOnlyForDeploymentPostprocessing = 0;
		};
/* End PBXFrameworksBuildPhase section */

/* Begin PBXGroup section */
		C9AA160C1D0E303B004A04C2 = {
			isa = PBXGroup;
			children = (
				C9AA16171D0E303B004A04C2 /* Tumblr */,
				C9AA162C1D0E303B004A04C2 /* TumblrTests */,
				C9AA16371D0E303B004A04C2 /* TumblrUITests */,
				C9AA16161D0E303B004A04C2 /* Products */,
			);
			sourceTree = "<group>";
		};
		C9AA16161D0E303B004A04C2 /* Products */ = {
			isa = PBXGroup;
			children = (
				C9AA16151D0E303B004A04C2 /* Tumblr.app */,
				C9AA16291D0E303B004A04C2 /* TumblrTests.xctest */,
				C9AA16341D0E303B004A04C2 /* TumblrUITests.xctest */,
			);
			name = Products;
			sourceTree = "<group>";
		};
		C9AA16171D0E303B004A04C2 /* Tumblr */ = {
			isa = PBXGroup;
			children = (
				C9AA16181D0E303B004A04C2 /* AppDelegate.swift */,
				C9AA161A1D0E303B004A04C2 /* ViewController.swift */,
				C9AA161C1D0E303B004A04C2 /* Main.storyboard */,
				C9AA161F1D0E303B004A04C2 /* Assets.xcassets */,
				C9AA16211D0E303B004A04C2 /* LaunchScreen.storyboard */,
				C9AA16241D0E303B004A04C2 /* Info.plist */,
			);
			path = Tumblr;
			sourceTree = "<group>";
		};
		C9AA162C1D0E303B004A04C2 /* TumblrTests */ = {
			isa = PBXGroup;
			children = (
				C9AA162D1D0E303B004A04C2 /* TumblrTests.swift */,
				C9AA162F1D0E303B004A04C2 /* Info.plist */,
			);
			path = TumblrTests;
			sourceTree = "<group>";
		};
		C9AA16371D0E303B004A04C2 /* TumblrUITests */ = {
			isa = PBXGroup;
			children = (
				C9AA16381D0E303B004A04C2 /* TumblrUITests.swift */,
				C9AA163A1D0E303B004A04C2 /* Info.plist */,
			);
			path = TumblrUITests;
			sourceTree = "<group>";
		};
/* End PBXGroup section */

/* Begin PBXNativeTarget section */
		C9AA16141D0E303B004A04C2 /* Tumblr */ = {
			isa = PBXNativeTarget;
			buildConfigurationList = C9AA163D1D0E303B004A04C2 /* Build configuration list for PBXNativeTarget "Tumblr" */;
			buildPhases = (
				C9AA16111D0E303B004A04C2 /* Sources */,
				C9AA16121D0E303B004A04C2 /* Frameworks */,
				C9AA16131D0E303B004A04C2 /* Resources */,
			);
			buildRules = (
			);
			dependencies = (
			);
			name = Tumblr;
			productName = Tumblr;
			productReference = C9AA16151D0E303B004A04C2 /* Tumblr.app */;
			productType = "com.apple.product-type.application";
		};
		C9AA16281D0E303B004A04C2 /* TumblrTests */ = {
			isa = PBXNativeTarget;
			buildConfigurationList = C9AA16401D0E303B004A04C2 /* Build configuration list for PBXNativeTarget "TumblrTests" */;
			buildPhases = (
				C9AA16251D0E303B004A04C2 /* Sources */,
				C9AA16261D0E303B004A04C2 /* Frameworks */,
				C9AA16271D0E303B004A04C2 /* Resources */,
			);
			buildRules = (
			);
			dependencies = (
				C9AA162B1D0E303B004A04C2 /* PBXTargetDependency */,
			);
			name = TumblrTests;
			productName = TumblrTests;
			productReference = C9AA16291D0E303B004A04C2 /* TumblrTests.xctest */;
			productType = "com.apple.product-type.bundle.unit-test";
		};
		C9AA16331D0E303B004A04C2 /* TumblrUITests */ = {
			isa = PBXNativeTarget;
			buildConfigurationList = C9AA16431D0E303B004A04C2 /* Build configuration list for PBXNativeTarget "TumblrUITests" */;
			buildPhases = (
				C9AA16301D0E303B004A04C2 /* Sources */,
				C9AA16311D0E303B004A04C2 /* Frameworks */,
				C9AA16321D0E303B004A04C2 /* Resources */,
			);
			buildRules = (
			);
			dependencies = (
				C9AA16361D0E303B004A04C2 /* PBXTargetDependency */,
			);
			name = TumblrUITests;
			productName = TumblrUITests;
			productReference = C9AA16341D0E303B004A04C2 /* TumblrUITests.xctest */;
			productType = "com.apple.product-type.bundle.ui-testing";
		};
/* End PBXNativeTarget section */

/* Begin PBXProject section */
		C9AA160D1D0E303B004A04C2 /* Project object */ = {
			isa = PBXProject;
			attributes = {
				LastSwiftUpdateCheck = 0730;
				LastUpgradeCheck = 0730;
				ORGANIZATIONNAME = "Omar Siddiqui";
				TargetAttributes = {
					C9AA16141D0E303B004A04C2 = {
						CreatedOnToolsVersion = 7.3.1;
					};
					C9AA16281D0E303B004A04C2 = {
						CreatedOnToolsVersion = 7.3.1;
						TestTargetID = C9AA16141D0E303B004A04C2;
					};
					C9AA16331D0E303B004A04C2 = {
						CreatedOnToolsVersion = 7.3.1;
						TestTargetID = C9AA16141D0E303B004A04C2;
					};
				};
			};
			buildConfigurationList = C9AA16101D0E303B004A04C2 /* Build configuration list for PBXProject "Tumblr" */;
			compatibilityVersion = "Xcode 3.2";
			developmentRegion = English;
			hasScannedForEncodings = 0;
			knownRegions = (
				en,
				Base,
			);
			mainGroup = C9AA160C1D0E303B004A04C2;
			productRefGroup = C9AA16161D0E303B004A04C2 /* Products */;
			projectDirPath = "";
			projectRoot = "";
			targets = (
				C9AA16141D0E303B004A04C2 /* Tumblr */,
				C9AA16281D0E303B004A04C2 /* TumblrTests */,
				C9AA16331D0E303B004A04C2 /* TumblrUITests */,
			);
		};
/* End PBXProject section */

/* Begin PBXResourcesBuildPhase section */
		C9AA16131D0E303B004A04C2 /* Resources */ = {
			isa = PBXResourcesBuildPhase;
			buildActionMask = 2147483647;
			files = (
				C9AA16231D0E303B004A04C2 /* LaunchScreen.storyboard in Resources */,
				C9AA16201D0E303B004A04C2 /* Assets.xcassets in Resources */,
				C9AA161E1D0E303B004A04C2 /* Main.storyboard in Resources */,
			);
			runOnlyForDeploymentPostprocessing = 0;
		};
		C9AA16271D0E303B004A04C2 /* Resources */ = {
			isa = PBXResourcesBuildPhase;
			buildActionMask = 2147483647;
			files = (
			);
			runOnlyForDeploymentPostprocessing = 0;
		};
		C9AA16321D0E303B004A04C2 /* Resources */ = {
			isa = PBXResourcesBuildPhase;
			buildActionMask = 2147483647;
			files = (
			);
			runOnlyForDeploymentPostprocessing = 0;
		};
/* End PBXResourcesBuildPhase section */

/* Begin PBXSourcesBuildPhase section */
		C9AA16111D0E303B004A04C2 /* Sources */ = {
			isa = PBXSourcesBuildPhase;
			buildActionMask = 2147483647;
			files = (
				C9AA161B1D0E303B004A04C2 /* ViewController.swift in Sources */,
				C9AA16191D0E303B004A04C2 /* AppDelegate.swift in Sources */,
			);
			runOnlyForDeploymentPostprocessing = 0;
		};
		C9AA16251D0E303B004A04C2 /* Sources */ = {
			isa = PBXSourcesBuildPhase;
			buildActionMask = 2147483647;
			files = (
				C9AA162E1D0E303B004A04C2 /* TumblrTests.swift in Sources */,
			);
			runOnlyForDeploymentPostprocessing = 0;
		};
		C9AA16301D0E303B004A04C2 /* Sources */ = {
			isa = PBXSourcesBuildPhase;
			buildActionMask = 2147483647;
			files = (
				C9AA16391D0E303B004A04C2 /* TumblrUITests.swift in Sources */,
			);
			runOnlyForDeploymentPostprocessing = 0;
		};
/* End PBXSourcesBuildPhase section */

/* Begin PBXTargetDependency section */
		C9AA162B1D0E303B004A04C2 /* PBXTargetDependency */ = {
			isa = PBXTargetDependency;
			target = C9AA16141D0E303B004A04C2 /* Tumblr */;
			targetProxy = C9AA162A1D0E303B004A04C2 /* PBXContainerItemProxy */;
		};
		C9AA16361D0E303B004A04C2 /* PBXTargetDependency */ = {
			isa = PBXTargetDependency;
			target = C9AA16141D0E303B004A04C2 /* Tumblr */;
			targetProxy = C9AA16351D0E303B004A04C2 /* PBXContainerItemProxy */;
		};
/* End PBXTargetDependency section */

/* Begin PBXVariantGroup section */
		C9AA161C1D0E303B004A04C2 /* Main.storyboard */ = {
			isa = PBXVariantGroup;
			children = (
				C9AA161D1D0E303B004A04C2 /* Base */,
			);
			name = Main.storyboard;
			sourceTree = "<group>";
		};
		C9AA16211D0E303B004A04C2 /* LaunchScreen.storyboard */ = {
			isa = PBXVariantGroup;
			children = (
				C9AA16221D0E303B004A04C2 /* Base */,
			);
			name = LaunchScreen.storyboard;
			sourceTree = "<group>";
		};
/* End PBXVariantGroup section */

/* Begin XCBuildConfiguration section */
		C9AA163B1D0E303B004A04C2 /* Debug */ = {
			isa = XCBuildConfiguration;
			buildSettings = {
				ALWAYS_SEARCH_USER_PATHS = NO;
				CLANG_ANALYZER_NONNULL = YES;
				CLANG_CXX_LANGUAGE_STANDARD = "gnu++0x";
				CLANG_CXX_LIBRARY = "libc++";
				CLANG_ENABLE_MODULES = YES;
				CLANG_ENABLE_OBJC_ARC = YES;
				CLANG_WARN_BOOL_CONVERSION = YES;
				CLANG_WARN_CONSTANT_CONVERSION = YES;
				CLANG_WARN_DIRECT_OBJC_ISA_USAGE = YES_ERROR;
				CLANG_WARN_EMPTY_BODY = YES;
				CLANG_WARN_ENUM_CONVERSION = YES;
				CLANG_WARN_INT_CONVERSION = YES;
				CLANG_WARN_OBJC_ROOT_CLASS = YES_ERROR;
				CLANG_WARN_UNREACHABLE_CODE = YES;
				CLANG_WARN__DUPLICATE_METHOD_MATCH = YES;
				"CODE_SIGN_IDENTITY[sdk=iphoneos*]" = "iPhone Developer";
				COPY_PHASE_STRIP = NO;
				DEBUG_INFORMATION_FORMAT = dwarf;
				ENABLE_STRICT_OBJC_MSGSEND = YES;
				ENABLE_TESTABILITY = YES;
				GCC_C_LANGUAGE_STANDARD = gnu99;
				GCC_DYNAMIC_NO_PIC = NO;
				GCC_NO_COMMON_BLOCKS = YES;
				GCC_OPTIMIZATION_LEVEL = 0;
				GCC_PREPROCESSOR_DEFINITIONS = (
					"DEBUG=1",
					"$(inherited)",
				);
				GCC_WARN_64_TO_32_BIT_CONVERSION = YES;
				GCC_WARN_ABOUT_RETURN_TYPE = YES_ERROR;
				GCC_WARN_UNDECLARED_SELECTOR = YES;
				GCC_WARN_UNINITIALIZED_AUTOS = YES_AGGRESSIVE;
				GCC_WARN_UNUSED_FUNCTION = YES;
				GCC_WARN_UNUSED_VARIABLE = YES;
				IPHONEOS_DEPLOYMENT_TARGET = 9.3;
				MTL_ENABLE_DEBUG_INFO = YES;
				ONLY_ACTIVE_ARCH = YES;
				SDKROOT = iphoneos;
				SWIFT_OPTIMIZATION_LEVEL = "-Onone";
			};
			name = Debug;
		};
		C9AA163C1D0E303B004A04C2 /* Release */ = {
			isa = XCBuildConfiguration;
			buildSettings = {
				ALWAYS_SEARCH_USER_PATHS = NO;
				CLANG_ANALYZER_NONNULL = YES;
				CLANG_CXX_LANGUAGE_STANDARD = "gnu++0x";
				CLANG_CXX_LIBRARY = "libc++";
				CLANG_ENABLE_MODULES = YES;
				CLANG_ENABLE_OBJC_ARC = YES;
				CLANG_WARN_BOOL_CONVERSION = YES;
				CLANG_WARN_CONSTANT_CONVERSION = YES;
				CLANG_WARN_DIRECT_OBJC_ISA_USAGE = YES_ERROR;
				CLANG_WARN_EMPTY_BODY = YES;
				CLANG_WARN_ENUM_CONVERSION = YES;
				CLANG_WARN_INT_CONVERSION = YES;
				CLANG_WARN_OBJC_ROOT_CLASS = YES_ERROR;
				CLANG_WARN_UNREACHABLE_CODE = YES;
				CLANG_WARN__DUPLICATE_METHOD_MATCH = YES;
				"CODE_SIGN_IDENTITY[sdk=iphoneos*]" = "iPhone Developer";
				COPY_PHASE_STRIP = NO;
				DEBUG_INFORMATION_FORMAT = "dwarf-with-dsym";
				ENABLE_NS_ASSERTIONS = NO;
				ENABLE_STRICT_OBJC_MSGSEND = YES;
				GCC_C_LANGUAGE_STANDARD = gnu99;
				GCC_NO_COMMON_BLOCKS = YES;
				GCC_WARN_64_TO_32_BIT_CONVERSION = YES;
				GCC_WARN_ABOUT_RETURN_TYPE = YES_ERROR;
				GCC_WARN_UNDECLARED_SELECTOR = YES;
				GCC_WARN_UNINITIALIZED_AUTOS = YES_AGGRESSIVE;
				GCC_WARN_UNUSED_FUNCTION = YES;
				GCC_WARN_UNUSED_VARIABLE = YES;
				IPHONEOS_DEPLOYMENT_TARGET = 9.3;
				MTL_ENABLE_DEBUG_INFO = NO;
				SDKROOT = iphoneos;
				VALIDATE_PRODUCT = YES;
			};
			name = Release;
		};
		C9AA163E1D0E303B004A04C2 /* Debug */ = {
			isa = XCBuildConfiguration;
			buildSettings = {
				ASSETCATALOG_COMPILER_APPICON_NAME = AppIcon;
				INFOPLIST_FILE = Tumblr/Info.plist;
				LD_RUNPATH_SEARCH_PATHS = "$(inherited) @executable_path/Frameworks";
				PRODUCT_BUNDLE_IDENTIFIER = com.omar.Tumblr;
				PRODUCT_NAME = "$(TARGET_NAME)";
			};
			name = Debug;
		};
		C9AA163F1D0E303B004A04C2 /* Release */ = {
			isa = XCBuildConfiguration;
			buildSettings = {
				ASSETCATALOG_COMPILER_APPICON_NAME = AppIcon;
				INFOPLIST_FILE = Tumblr/Info.plist;
				LD_RUNPATH_SEARCH_PATHS = "$(inherited) @executable_path/Frameworks";
				PRODUCT_BUNDLE_IDENTIFIER = com.omar.Tumblr;
				PRODUCT_NAME = "$(TARGET_NAME)";
			};
			name = Release;
		};
		C9AA16411D0E303B004A04C2 /* Debug */ = {
			isa = XCBuildConfiguration;
			buildSettings = {
				BUNDLE_LOADER = "$(TEST_HOST)";
				INFOPLIST_FILE = TumblrTests/Info.plist;
				LD_RUNPATH_SEARCH_PATHS = "$(inherited) @executable_path/Frameworks @loader_path/Frameworks";
				PRODUCT_BUNDLE_IDENTIFIER = com.omar.TumblrTests;
				PRODUCT_NAME = "$(TARGET_NAME)";
				TEST_HOST = "$(BUILT_PRODUCTS_DIR)/Tumblr.app/Tumblr";
			};
			name = Debug;
		};
		C9AA16421D0E303B004A04C2 /* Release */ = {
			isa = XCBuildConfiguration;
			buildSettings = {
				BUNDLE_LOADER = "$(TEST_HOST)";
				INFOPLIST_FILE = TumblrTests/Info.plist;
				LD_RUNPATH_SEARCH_PATHS = "$(inherited) @executable_path/Frameworks @loader_path/Frameworks";
				PRODUCT_BUNDLE_IDENTIFIER = com.omar.TumblrTests;
				PRODUCT_NAME = "$(TARGET_NAME)";
				TEST_HOST = "$(BUILT_PRODUCTS_DIR)/Tumblr.app/Tumblr";
			};
			name = Release;
		};
		C9AA16441D0E303B004A04C2 /* Debug */ = {
			isa = XCBuildConfiguration;
			buildSettings = {
				INFOPLIST_FILE = TumblrUITests/Info.plist;
				LD_RUNPATH_SEARCH_PATHS = "$(inherited) @executable_path/Frameworks @loader_path/Frameworks";
				PRODUCT_BUNDLE_IDENTIFIER = com.omar.TumblrUITests;
				PRODUCT_NAME = "$(TARGET_NAME)";
				TEST_TARGET_NAME = Tumblr;
			};
			name = Debug;
		};
		C9AA16451D0E303B004A04C2 /* Release */ = {
			isa = XCBuildConfiguration;
			buildSettings = {
				INFOPLIST_FILE = TumblrUITests/Info.plist;
				LD_RUNPATH_SEARCH_PATHS = "$(inherited) @executable_path/Frameworks @loader_path/Frameworks";
				PRODUCT_BUNDLE_IDENTIFIER = com.omar.TumblrUITests;
				PRODUCT_NAME = "$(TARGET_NAME)";
				TEST_TARGET_NAME = Tumblr;
			};
			name = Release;
		};
/* End XCBuildConfiguration section */

/* Begin XCConfigurationList section */
		C9AA16101D0E303B004A04C2 /* Build configuration list for PBXProject "Tumblr" */ = {
			isa = XCConfigurationList;
			buildConfigurations = (
				C9AA163B1D0E303B004A04C2 /* Debug */,
				C9AA163C1D0E303B004A04C2 /* Release */,
			);
			defaultConfigurationIsVisible = 0;
			defaultConfigurationName = Release;
		};
		C9AA163D1D0E303B004A04C2 /* Build configuration list for PBXNativeTarget "Tumblr" */ = {
			isa = XCConfigurationList;
			buildConfigurations = (
				C9AA163E1D0E303B004A04C2 /* Debug */,
				C9AA163F1D0E303B004A04C2 /* Release */,
			);
			defaultConfigurationIsVisible = 0;
		};
		C9AA16401D0E303B004A04C2 /* Build configuration list for PBXNativeTarget "TumblrTests" */ = {
			isa = XCConfigurationList;
			buildConfigurations = (
				C9AA16411D0E303B004A04C2 /* Debug */,
				C9AA16421D0E303B004A04C2 /* Release */,
			);
			defaultConfigurationIsVisible = 0;
		};
		C9AA16431D0E303B004A04C2 /* Build configuration list for PBXNativeTarget "TumblrUITests" */ = {
			isa = XCConfigurationList;
			buildConfigurations = (
				C9AA16441D0E303B004A04C2 /* Debug */,
				C9AA16451D0E303B004A04C2 /* Release */,
			);
			defaultConfigurationIsVisible = 0;
		};
/* End XCConfigurationList section */
	};
	rootObject = C9AA160D1D0E303B004A04C2 /* Project object */;
}
